
Microsoft Visual Studio Solution File, Format Version 12.00
# Visual Studio Version 16
VisualStudioVersion = 16.0.30517.126
MinimumVisualStudioVersion = 10.0.40219.1
Project("{FAE04EC0-301F-11D3-BF4B-00C04F79EFBC}") = "OOP-PartI", "OOP-PartI\OOP-PartI.csproj", "{41A6CE09-4C6E-44F1-BDFC-6C0DA8BFF57B}"
EndProject
Project("{FAE04EC0-301F-11D3-BF4B-00C04F79EFBC}") = "OOPCat", "OOPCat\OOPCat.csproj", "{3E1CA439-B6A0-4C8E-9771-6F354B7F65C8}"
EndProject
Global
	GlobalSection(SolutionConfigurationPlatforms) = preSolution
		Debug|Any CPU = Debug|Any CPU
		Release|Any CPU = Release|Any CPU
	EndGlobalSection
	GlobalSection(ProjectConfigurationPlatforms) = postSolution
		{41A6CE09-4C6E-44F1-BDFC-6C0DA8BFF57B}.Debug|Any CPU.ActiveCfg = Debug|Any CPU
		{41A6CE09-4C6E-44F1-BDFC-6C0DA8BFF57B}.Debug|Any CPU.Build.0 = Debug|Any CPU
		{41A6CE09-4C6E-44F1-BDFC-6C0DA8BFF57B}.Release|Any CPU.ActiveCfg = Release|Any CPU
		{41A6CE09-4C6E-44F1-BDFC-6C0DA8BFF57B}.Release|Any CPU.Build.0 = Release|Any CPU
		{3E1CA439-B6A0-4C8E-9771-6F354B7F65C8}.Debug|Any CPU.ActiveCfg = Debug|Any CPU
		{3E1CA439-B6A0-4C8E-9771-6F354B7F65C8}.Debug|Any CPU.Build.0 = Debug|Any CPU
		{3E1CA439-B6A0-4C8E-9771-6F354B7F65C8}.Release|Any CPU.ActiveCfg = Release|Any CPU
		{3E1CA439-B6A0-4C8E-9771-6F354B7F65C8}.Release|Any CPU.Build.0 = Release|Any CPU
	EndGlobalSection
	GlobalSection(SolutionProperties) = preSolution
		HideSolutionNode = FALSE
	EndGlobalSection
	GlobalSection(ExtensibilityGlobals) = postSolution
		SolutionGuid = {06BB4B50-B0A4-4B70-B8B9-B371D4CAE887}
	EndGlobalSection
EndGlobal
